
Microsoft Visual Studio Solution File, Format Version 12.00
# Visual Studio Version 17
VisualStudioVersion = 17.4.33213.308
MinimumVisualStudioVersion = 10.0.40219.1
Project("{FAE04EC0-301F-11D3-BF4B-00C04F79EFBC}") = "CopyFilesWithSpecifiedName", "CopyFilesWithSpecifiedName.csproj", "{BF4357C8-93B2-4DC3-AA58-CFEED4F21C04}"
EndProject
Global
	GlobalSection(SolutionConfigurationPlatforms) = preSolution
		Debug|Any CPU = Debug|Any CPU
		Release|Any CPU = Release|Any CPU
	EndGlobalSection
	GlobalSection(ProjectConfigurationPlatforms) = postSolution
		{BF4357C8-93B2-4DC3-AA58-CFEED4F21C04}.Debug|Any CPU.ActiveCfg = Debug|Any CPU
		{BF4357C8-93B2-4DC3-AA58-CFEED4F21C04}.Debug|Any CPU.Build.0 = Debug|Any CPU
		{BF4357C8-93B2-4DC3-AA58-CFEED4F21C04}.Release|Any CPU.ActiveCfg = Release|Any CPU
		{BF4357C8-93B2-4DC3-AA58-CFEED4F21C04}.Release|Any CPU.Build.0 = Release|Any CPU
	EndGlobalSection
	GlobalSection(SolutionProperties) = preSolution
		HideSolutionNode = FALSE
	EndGlobalSection
	GlobalSection(ExtensibilityGlobals) = postSolution
		SolutionGuid = {BBDCAB2C-8E19-439A-A234-C7013D367BB7}
	EndGlobalSection
EndGlobal
